// !$*UTF8*$!
{
	archiveVersion = 1;
	classes = {
	};
	objectVersion = 56;
	objects = {

/* Begin PBXBuildFile section */
		20151EB32C0378A200EA8A25 /* AppDelegate.swift in Sources */ = {isa = PBXBuildFile; fileRef = 20151EB22C0378A200EA8A25 /* AppDelegate.swift */; };
		20211C142C00DF9F00623A4D /* MuseApp.swift in Sources */ = {isa = PBXBuildFile; fileRef = 20211C132C00DF9F00623A4D /* MuseApp.swift */; };
		20211C162C00DF9F00623A4D /* ContentView.swift in Sources */ = {isa = PBXBuildFile; fileRef = 20211C152C00DF9F00623A4D /* ContentView.swift */; };
		20211C182C00DFA000623A4D /* Assets.xcassets in Resources */ = {isa = PBXBuildFile; fileRef = 20211C172C00DFA000623A4D /* Assets.xcassets */; };
		20211C1B2C00DFA000623A4D /* Preview Assets.xcassets in Resources */ = {isa = PBXBuildFile; fileRef = 20211C1A2C00DFA000623A4D /* Preview Assets.xcassets */; };
		20211C212C00DFA000623A4D /* Muse Watch App.app in Embed Watch Content */ = {isa = PBXBuildFile; fileRef = 20211C202C00DFA000623A4D /* Muse Watch App.app */; settings = {ATTRIBUTES = (RemoveHeadersOnCopy, ); }; };
		20211C262C00DFA000623A4D /* MuseApp.swift in Sources */ = {isa = PBXBuildFile; fileRef = 20211C252C00DFA000623A4D /* MuseApp.swift */; };
		20211C282C00DFA000623A4D /* ContentView.swift in Sources */ = {isa = PBXBuildFile; fileRef = 20211C272C00DFA000623A4D /* ContentView.swift */; };
		20211C2A2C00DFA100623A4D /* Assets.xcassets in Resources */ = {isa = PBXBuildFile; fileRef = 20211C292C00DFA100623A4D /* Assets.xcassets */; };
		20211C2D2C00DFA100623A4D /* Preview Assets.xcassets in Resources */ = {isa = PBXBuildFile; fileRef = 20211C2C2C00DFA100623A4D /* Preview Assets.xcassets */; };
		20211C452C00E52B00623A4D /* MusicPicker.swift in Sources */ = {isa = PBXBuildFile; fileRef = 20211C442C00E52B00623A4D /* MusicPicker.swift */; };
		20211C472C00E54A00623A4D /* MediaPlayback.swift in Sources */ = {isa = PBXBuildFile; fileRef = 20211C462C00E54A00623A4D /* MediaPlayback.swift */; };
		20211C492C00E55600623A4D /* Library.swift in Sources */ = {isa = PBXBuildFile; fileRef = 20211C482C00E55600623A4D /* Library.swift */; };
		20211C4B2C00E56B00623A4D /* MusicEntry.swift in Sources */ = {isa = PBXBuildFile; fileRef = 20211C4A2C00E56B00623A4D /* MusicEntry.swift */; };
		20211C4D2C00E58200623A4D /* ImportMusic.swift in Sources */ = {isa = PBXBuildFile; fileRef = 20211C4C2C00E58200623A4D /* ImportMusic.swift */; };
		20211C502C00E59400623A4D /* ArtworkSquare.swift in Sources */ = {isa = PBXBuildFile; fileRef = 20211C4F2C00E59400623A4D /* ArtworkSquare.swift */; };
		20211C522C00E5AA00623A4D /* AudioPlayer.swift in Sources */ = {isa = PBXBuildFile; fileRef = 20211C512C00E5AA00623A4D /* AudioPlayer.swift */; };
		20211C552C00E5C100623A4D /* LocalLogger.swift in Sources */ = {isa = PBXBuildFile; fileRef = 20211C542C00E5C100623A4D /* LocalLogger.swift */; };
		20211C572C00E5DC00623A4D /* SectionHeader.swift in Sources */ = {isa = PBXBuildFile; fileRef = 20211C562C00E5DC00623A4D /* SectionHeader.swift */; };
		20211C592C00E5F300623A4D /* MusicFile.swift in Sources */ = {isa = PBXBuildFile; fileRef = 20211C582C00E5F300623A4D /* MusicFile.swift */; };
		20211C5B2C00E60200623A4D /* Music.swift in Sources */ = {isa = PBXBuildFile; fileRef = 20211C5A2C00E60200623A4D /* Music.swift */; };
		20211C5D2C00E60E00623A4D /* Item.swift in Sources */ = {isa = PBXBuildFile; fileRef = 20211C5C2C00E60E00623A4D /* Item.swift */; };
		20211C5F2C00E62200623A4D /* Attempt.swift in Sources */ = {isa = PBXBuildFile; fileRef = 20211C5E2C00E62200623A4D /* Attempt.swift */; };
		20211C612C00E63500623A4D /* View.swift in Sources */ = {isa = PBXBuildFile; fileRef = 20211C602C00E63500623A4D /* View.swift */; };
		20211C692C00E6A100623A4D /* Page.swift in Sources */ = {isa = PBXBuildFile; fileRef = 20211C682C00E6A100623A4D /* Page.swift */; };
		20211C752C01037500623A4D /* GoogleService-Info.plist in Resources */ = {isa = PBXBuildFile; fileRef = 20211C742C01037400623A4D /* GoogleService-Info.plist */; };
		20211C7B2C010ACE00623A4D /* appicon.png in Resources */ = {isa = PBXBuildFile; fileRef = 20211C7A2C010ACE00623A4D /* appicon.png */; };
		20211C842C01BE7A00623A4D /* AuthorizeButton.swift in Sources */ = {isa = PBXBuildFile; fileRef = 20211C832C01BE7A00623A4D /* AuthorizeButton.swift */; };
		20211C8B2C01DA3000623A4D /* WorkoutManager.swift in Sources */ = {isa = PBXBuildFile; fileRef = 20211C8A2C01DA3000623A4D /* WorkoutManager.swift */; };
		20211C8C2C01DA3000623A4D /* WorkoutManager.swift in Sources */ = {isa = PBXBuildFile; fileRef = 20211C8A2C01DA3000623A4D /* WorkoutManager.swift */; };
		20211C8F2C01DA7300623A4D /* UIConfig.swift in Sources */ = {isa = PBXBuildFile; fileRef = 20211C8E2C01DA7300623A4D /* UIConfig.swift */; };
		20211C902C01DA7300623A4D /* UIConfig.swift in Sources */ = {isa = PBXBuildFile; fileRef = 20211C8E2C01DA7300623A4D /* UIConfig.swift */; };
		20211C922C01DA8C00623A4D /* AppConfig.swift in Sources */ = {isa = PBXBuildFile; fileRef = 20211C912C01DA8C00623A4D /* AppConfig.swift */; };
		20211C932C01DA8C00623A4D /* AppConfig.swift in Sources */ = {isa = PBXBuildFile; fileRef = 20211C912C01DA8C00623A4D /* AppConfig.swift */; };
		20211C9B2C01DB7A00623A4D /* HKWorkout.swift in Sources */ = {isa = PBXBuildFile; fileRef = 20211C9A2C01DB7900623A4D /* HKWorkout.swift */; };
		20211C9C2C01DB7A00623A4D /* HKWorkout.swift in Sources */ = {isa = PBXBuildFile; fileRef = 20211C9A2C01DB7900623A4D /* HKWorkout.swift */; };
		20211C9E2C01DC0B00623A4D /* Logger.swift in Sources */ = {isa = PBXBuildFile; fileRef = 20211C9D2C01DC0B00623A4D /* Logger.swift */; };
		20211C9F2C01DC0B00623A4D /* Logger.swift in Sources */ = {isa = PBXBuildFile; fileRef = 20211C9D2C01DC0B00623A4D /* Logger.swift */; };
		20211CA12C01DCAB00623A4D /* WorkoutManager_watchOS.swift in Sources */ = {isa = PBXBuildFile; fileRef = 20211CA02C01DCAB00623A4D /* WorkoutManager_watchOS.swift */; };
		20211CA32C01DCC900623A4D /* WorkoutManager_iOS.swift in Sources */ = {isa = PBXBuildFile; fileRef = 20211CA22C01DCC900623A4D /* WorkoutManager_iOS.swift */; };
		20211CA82C01E32300623A4D /* Debug.swift in Sources */ = {isa = PBXBuildFile; fileRef = 20211CA72C01E32300623A4D /* Debug.swift */; };
		20211CA92C01E32300623A4D /* Debug.swift in Sources */ = {isa = PBXBuildFile; fileRef = 20211CA72C01E32300623A4D /* Debug.swift */; };
		20211CAB2C01E34300623A4D /* Bundle.swift in Sources */ = {isa = PBXBuildFile; fileRef = 20211CAA2C01E34300623A4D /* Bundle.swift */; };
		20211CAC2C01E34300623A4D /* Bundle.swift in Sources */ = {isa = PBXBuildFile; fileRef = 20211CAA2C01E34300623A4D /* Bundle.swift */; };
		20211CB12C01EBCA00623A4D /* appicon.png in Resources */ = {isa = PBXBuildFile; fileRef = 20211CB02C01EBCA00623A4D /* appicon.png */; };
		20211CB32C0209FB00623A4D /* AppValueProvider.swift in Sources */ = {isa = PBXBuildFile; fileRef = 20211CB22C0209FB00623A4D /* AppValueProvider.swift */; };
		20211CB42C0209FB00623A4D /* AppValueProvider.swift in Sources */ = {isa = PBXBuildFile; fileRef = 20211CB22C0209FB00623A4D /* AppValueProvider.swift */; };
		20211CB62C022AB700623A4D /* HKWorkoutSessionState.swift in Sources */ = {isa = PBXBuildFile; fileRef = 20211CB52C022AB700623A4D /* HKWorkoutSessionState.swift */; };
		20211CB72C022AB700623A4D /* HKWorkoutSessionState.swift in Sources */ = {isa = PBXBuildFile; fileRef = 20211CB52C022AB700623A4D /* HKWorkoutSessionState.swift */; };
		20211CB92C02399C00623A4D /* exWorkoutManager.swift in Sources */ = {isa = PBXBuildFile; fileRef = 20211CB82C02399C00623A4D /* exWorkoutManager.swift */; };
		20211CBA2C02399C00623A4D /* exWorkoutManager.swift in Sources */ = {isa = PBXBuildFile; fileRef = 20211CB82C02399C00623A4D /* exWorkoutManager.swift */; };
		2026D0162C03B42A00FE7CC0 /* MetricsTimelineSchedule.swift in Sources */ = {isa = PBXBuildFile; fileRef = 2026D0152C03B42A00FE7CC0 /* MetricsTimelineSchedule.swift */; };
		2026D0172C03B42A00FE7CC0 /* MetricsTimelineSchedule.swift in Sources */ = {isa = PBXBuildFile; fileRef = 2026D0152C03B42A00FE7CC0 /* MetricsTimelineSchedule.swift */; };
		2026D01B2C03B4F700FE7CC0 /* ElapsedTimeView.swift in Sources */ = {isa = PBXBuildFile; fileRef = 2026D01A2C03B4F700FE7CC0 /* ElapsedTimeView.swift */; };
		2026D01C2C03B4F700FE7CC0 /* ElapsedTimeView.swift in Sources */ = {isa = PBXBuildFile; fileRef = 2026D01A2C03B4F700FE7CC0 /* ElapsedTimeView.swift */; };
/* End PBXBuildFile section */

/* Begin PBXContainerItemProxy section */
		20211C222C00DFA000623A4D /* PBXContainerItemProxy */ = {
			isa = PBXContainerItemProxy;
			containerPortal = 20211C082C00DF9F00623A4D /* Project object */;
			proxyType = 1;
			remoteGlobalIDString = 20211C1F2C00DFA000623A4D;
			remoteInfo = "Muse Watch App";
		};
/* End PBXContainerItemProxy section */

/* Begin PBXCopyFilesBuildPhase section */
		20211C332C00DFA100623A4D /* Embed Watch Content */ = {
			isa = PBXCopyFilesBuildPhase;
			buildActionMask = 2147483647;
			dstPath = "$(CONTENTS_FOLDER_PATH)/Watch";
			dstSubfolderSpec = 16;
			files = (
				20211C212C00DFA000623A4D /* Muse Watch App.app in Embed Watch Content */,
			);
			name = "Embed Watch Content";
			runOnlyForDeploymentPostprocessing = 0;
		};
/* End PBXCopyFilesBuildPhase section */

/* Begin PBXFileReference section */
		20151EB22C0378A200EA8A25 /* AppDelegate.swift */ = {isa = PBXFileReference; lastKnownFileType = sourcecode.swift; path = AppDelegate.swift; sourceTree = "<group>"; };
		20211C102C00DF9F00623A4D /* Muse.app */ = {isa = PBXFileReference; explicitFileType = wrapper.application; includeInIndex = 0; path = Muse.app; sourceTree = BUILT_PRODUCTS_DIR; };
		20211C132C00DF9F00623A4D /* MuseApp.swift */ = {isa = PBXFileReference; lastKnownFileType = sourcecode.swift; path = MuseApp.swift; sourceTree = "<group>"; };
		20211C152C00DF9F00623A4D /* ContentView.swift */ = {isa = PBXFileReference; lastKnownFileType = sourcecode.swift; path = ContentView.swift; sourceTree = "<group>"; };
		20211C172C00DFA000623A4D /* Assets.xcassets */ = {isa = PBXFileReference; lastKnownFileType = folder.assetcatalog; path = Assets.xcassets; sourceTree = "<group>"; };
		20211C1A2C00DFA000623A4D /* Preview Assets.xcassets */ = {isa = PBXFileReference; lastKnownFileType = folder.assetcatalog; path = "Preview Assets.xcassets"; sourceTree = "<group>"; };
		20211C202C00DFA000623A4D /* Muse Watch App.app */ = {isa = PBXFileReference; explicitFileType = wrapper.application; includeInIndex = 0; path = "Muse Watch App.app"; sourceTree = BUILT_PRODUCTS_DIR; };
		20211C252C00DFA000623A4D /* MuseApp.swift */ = {isa = PBXFileReference; lastKnownFileType = sourcecode.swift; path = MuseApp.swift; sourceTree = "<group>"; };
		20211C272C00DFA000623A4D /* ContentView.swift */ = {isa = PBXFileReference; lastKnownFileType = sourcecode.swift; path = ContentView.swift; sourceTree = "<group>"; };
		20211C292C00DFA100623A4D /* Assets.xcassets */ = {isa = PBXFileReference; lastKnownFileType = folder.assetcatalog; path = Assets.xcassets; sourceTree = "<group>"; };
		20211C2C2C00DFA100623A4D /* Preview Assets.xcassets */ = {isa = PBXFileReference; lastKnownFileType = folder.assetcatalog; path = "Preview Assets.xcassets"; sourceTree = "<group>"; };
		20211C372C00E02900623A4D /* MuseRelease.entitlements */ = {isa = PBXFileReference; lastKnownFileType = text.plist.entitlements; path = MuseRelease.entitlements; sourceTree = "<group>"; };
		20211C382C00E03100623A4D /* Muse Watch AppRelease.entitlements */ = {isa = PBXFileReference; lastKnownFileType = text.plist.entitlements; path = "Muse Watch AppRelease.entitlements"; sourceTree = "<group>"; };
		20211C442C00E52B00623A4D /* MusicPicker.swift */ = {isa = PBXFileReference; lastKnownFileType = sourcecode.swift; path = MusicPicker.swift; sourceTree = "<group>"; };
		20211C462C00E54A00623A4D /* MediaPlayback.swift */ = {isa = PBXFileReference; lastKnownFileType = sourcecode.swift; path = MediaPlayback.swift; sourceTree = "<group>"; };
		20211C482C00E55600623A4D /* Library.swift */ = {isa = PBXFileReference; lastKnownFileType = sourcecode.swift; path = Library.swift; sourceTree = "<group>"; };
		20211C4A2C00E56B00623A4D /* MusicEntry.swift */ = {isa = PBXFileReference; lastKnownFileType = sourcecode.swift; path = MusicEntry.swift; sourceTree = "<group>"; };
		20211C4C2C00E58200623A4D /* ImportMusic.swift */ = {isa = PBXFileReference; lastKnownFileType = sourcecode.swift; path = ImportMusic.swift; sourceTree = "<group>"; };
		20211C4F2C00E59400623A4D /* ArtworkSquare.swift */ = {isa = PBXFileReference; lastKnownFileType = sourcecode.swift; path = ArtworkSquare.swift; sourceTree = "<group>"; };
		20211C512C00E5AA00623A4D /* AudioPlayer.swift */ = {isa = PBXFileReference; lastKnownFileType = sourcecode.swift; path = AudioPlayer.swift; sourceTree = "<group>"; };
		20211C542C00E5C100623A4D /* LocalLogger.swift */ = {isa = PBXFileReference; lastKnownFileType = sourcecode.swift; path = LocalLogger.swift; sourceTree = "<group>"; };
		20211C562C00E5DC00623A4D /* SectionHeader.swift */ = {isa = PBXFileReference; lastKnownFileType = sourcecode.swift; path = SectionHeader.swift; sourceTree = "<group>"; };
		20211C582C00E5F300623A4D /* MusicFile.swift */ = {isa = PBXFileReference; lastKnownFileType = sourcecode.swift; path = MusicFile.swift; sourceTree = "<group>"; };
		20211C5A2C00E60200623A4D /* Music.swift */ = {isa = PBXFileReference; lastKnownFileType = sourcecode.swift; path = Music.swift; sourceTree = "<group>"; };
		20211C5C2C00E60E00623A4D /* Item.swift */ = {isa = PBXFileReference; lastKnownFileType = sourcecode.swift; path = Item.swift; sourceTree = "<group>"; };
		20211C5E2C00E62200623A4D /* Attempt.swift */ = {isa = PBXFileReference; lastKnownFileType = sourcecode.swift; path = Attempt.swift; sourceTree = "<group>"; };
		20211C602C00E63500623A4D /* View.swift */ = {isa = PBXFileReference; lastKnownFileType = sourcecode.swift; path = View.swift; sourceTree = "<group>"; };
		20211C682C00E6A100623A4D /* Page.swift */ = {isa = PBXFileReference; lastKnownFileType = sourcecode.swift; path = Page.swift; sourceTree = "<group>"; };
		20211C6A2C00E9B200623A4D /* README.md */ = {isa = PBXFileReference; lastKnownFileType = net.daringfireball.markdown; path = README.md; sourceTree = "<group>"; };
		20211C6B2C00E9C400623A4D /* README.md */ = {isa = PBXFileReference; lastKnownFileType = net.daringfireball.markdown; path = README.md; sourceTree = "<group>"; };
		20211C6C2C00E9DF00623A4D /* README.md */ = {isa = PBXFileReference; lastKnownFileType = net.daringfireball.markdown; path = README.md; sourceTree = "<group>"; };
		20211C6D2C00E9F500623A4D /* README.md */ = {isa = PBXFileReference; lastKnownFileType = net.daringfireball.markdown; path = README.md; sourceTree = "<group>"; };
		20211C6E2C00EA0000623A4D /* README.md */ = {isa = PBXFileReference; lastKnownFileType = net.daringfireball.markdown; path = README.md; sourceTree = "<group>"; };
		20211C6F2C00EA1200623A4D /* README.md */ = {isa = PBXFileReference; lastKnownFileType = net.daringfireball.markdown; path = README.md; sourceTree = "<group>"; };
		20211C702C00EA2000623A4D /* README.md */ = {isa = PBXFileReference; lastKnownFileType = net.daringfireball.markdown; path = README.md; sourceTree = "<group>"; };
		20211C712C00EA2D00623A4D /* README.md */ = {isa = PBXFileReference; lastKnownFileType = net.daringfireball.markdown; path = README.md; sourceTree = "<group>"; };
		20211C722C00EB0B00623A4D /* README.md */ = {isa = PBXFileReference; lastKnownFileType = net.daringfireball.markdown; path = README.md; sourceTree = "<group>"; };
		20211C742C01037400623A4D /* GoogleService-Info.plist */ = {isa = PBXFileReference; fileEncoding = 4; lastKnownFileType = text.plist.xml; path = "GoogleService-Info.plist"; sourceTree = "<group>"; };
		20211C7A2C010ACE00623A4D /* appicon.png */ = {isa = PBXFileReference; lastKnownFileType = image.png; path = appicon.png; sourceTree = "<group>"; };
		20211C7C2C010C3F00623A4D /* README.md */ = {isa = PBXFileReference; lastKnownFileType = net.daringfireball.markdown; path = README.md; sourceTree = "<group>"; };
		20211C7D2C01107C00623A4D /* README.md */ = {isa = PBXFileReference; lastKnownFileType = net.daringfireball.markdown; path = README.md; sourceTree = "<group>"; };
		20211C7E2C01108D00623A4D /* README.md */ = {isa = PBXFileReference; lastKnownFileType = net.daringfireball.markdown; path = README.md; sourceTree = "<group>"; };
		20211C7F2C0110A300623A4D /* README.md */ = {isa = PBXFileReference; lastKnownFileType = net.daringfireball.markdown; path = README.md; sourceTree = "<group>"; };
		20211C802C0110DA00623A4D /* README.md */ = {isa = PBXFileReference; lastKnownFileType = net.daringfireball.markdown; path = README.md; sourceTree = "<group>"; };
		20211C812C01117900623A4D /* README.md */ = {isa = PBXFileReference; lastKnownFileType = net.daringfireball.markdown; path = README.md; sourceTree = "<group>"; };
		20211C822C0111C000623A4D /* README.md */ = {isa = PBXFileReference; lastKnownFileType = net.daringfireball.markdown; path = README.md; sourceTree = "<group>"; };
		20211C832C01BE7A00623A4D /* AuthorizeButton.swift */ = {isa = PBXFileReference; lastKnownFileType = sourcecode.swift; path = AuthorizeButton.swift; sourceTree = "<group>"; };
		20211C872C01D3B400623A4D /* README.md */ = {isa = PBXFileReference; lastKnownFileType = net.daringfireball.markdown; path = README.md; sourceTree = "<group>"; };
		20211C8A2C01DA3000623A4D /* WorkoutManager.swift */ = {isa = PBXFileReference; lastKnownFileType = sourcecode.swift; path = WorkoutManager.swift; sourceTree = "<group>"; };
		20211C8E2C01DA7300623A4D /* UIConfig.swift */ = {isa = PBXFileReference; lastKnownFileType = sourcecode.swift; path = UIConfig.swift; sourceTree = "<group>"; };
		20211C912C01DA8C00623A4D /* AppConfig.swift */ = {isa = PBXFileReference; lastKnownFileType = sourcecode.swift; path = AppConfig.swift; sourceTree = "<group>"; };
		20211C9A2C01DB7900623A4D /* HKWorkout.swift */ = {isa = PBXFileReference; lastKnownFileType = sourcecode.swift; path = HKWorkout.swift; sourceTree = "<group>"; };
		20211C9D2C01DC0B00623A4D /* Logger.swift */ = {isa = PBXFileReference; lastKnownFileType = sourcecode.swift; path = Logger.swift; sourceTree = "<group>"; };
		20211CA02C01DCAB00623A4D /* WorkoutManager_watchOS.swift */ = {isa = PBXFileReference; lastKnownFileType = sourcecode.swift; path = WorkoutManager_watchOS.swift; sourceTree = "<group>"; };
		20211CA22C01DCC900623A4D /* WorkoutManager_iOS.swift */ = {isa = PBXFileReference; lastKnownFileType = sourcecode.swift; path = WorkoutManager_iOS.swift; sourceTree = "<group>"; };
		20211CA42C01DE7C00623A4D /* README.md */ = {isa = PBXFileReference; lastKnownFileType = net.daringfireball.markdown; path = README.md; sourceTree = "<group>"; };
		20211CA52C01DE9400623A4D /* README.md */ = {isa = PBXFileReference; lastKnownFileType = net.daringfireball.markdown; path = README.md; sourceTree = "<group>"; };
		20211CA72C01E32300623A4D /* Debug.swift */ = {isa = PBXFileReference; lastKnownFileType = sourcecode.swift; path = Debug.swift; sourceTree = "<group>"; };
		20211CAA2C01E34300623A4D /* Bundle.swift */ = {isa = PBXFileReference; lastKnownFileType = sourcecode.swift; path = Bundle.swift; sourceTree = "<group>"; };
		20211CB02C01EBCA00623A4D /* appicon.png */ = {isa = PBXFileReference; lastKnownFileType = image.png; path = appicon.png; sourceTree = "<group>"; };
		20211CB22C0209FB00623A4D /* AppValueProvider.swift */ = {isa = PBXFileReference; lastKnownFileType = sourcecode.swift; path = AppValueProvider.swift; sourceTree = "<group>"; };
		20211CB52C022AB700623A4D /* HKWorkoutSessionState.swift */ = {isa = PBXFileReference; lastKnownFileType = sourcecode.swift; path = HKWorkoutSessionState.swift; sourceTree = "<group>"; };
		20211CB82C02399C00623A4D /* exWorkoutManager.swift */ = {isa = PBXFileReference; lastKnownFileType = sourcecode.swift; path = exWorkoutManager.swift; sourceTree = "<group>"; };
		2026D0152C03B42A00FE7CC0 /* MetricsTimelineSchedule.swift */ = {isa = PBXFileReference; lastKnownFileType = sourcecode.swift; path = MetricsTimelineSchedule.swift; sourceTree = "<group>"; };
		2026D01A2C03B4F700FE7CC0 /* ElapsedTimeView.swift */ = {isa = PBXFileReference; lastKnownFileType = sourcecode.swift; path = ElapsedTimeView.swift; sourceTree = "<group>"; };
/* End PBXFileReference section */

/* Begin PBXFrameworksBuildPhase section */
		20211C0D2C00DF9F00623A4D /* Frameworks */ = {
			isa = PBXFrameworksBuildPhase;
			buildActionMask = 2147483647;
			files = (
			);
			runOnlyForDeploymentPostprocessing = 0;
		};
		20211C1D2C00DFA000623A4D /* Frameworks */ = {
			isa = PBXFrameworksBuildPhase;
			buildActionMask = 2147483647;
			files = (
			);
			runOnlyForDeploymentPostprocessing = 0;
		};
/* End PBXFrameworksBuildPhase section */

/* Begin PBXGroup section */
		20211C072C00DF9F00623A4D = {
			isa = PBXGroup;
			children = (
				20211C7C2C010C3F00623A4D /* README.md */,
				20211C742C01037400623A4D /* GoogleService-Info.plist */,
				20211C862C01D38500623A4D /* Shared */,
				20211C122C00DF9F00623A4D /* Muse */,
				20211C242C00DFA000623A4D /* Muse Watch App */,
				20211C112C00DF9F00623A4D /* Products */,
			);
			sourceTree = "<group>";
		};
		20211C112C00DF9F00623A4D /* Products */ = {
			isa = PBXGroup;
			children = (
				20211C102C00DF9F00623A4D /* Muse.app */,
				20211C202C00DFA000623A4D /* Muse Watch App.app */,
			);
			name = Products;
			sourceTree = "<group>";
		};
		20211C122C00DF9F00623A4D /* Muse */ = {
			isa = PBXGroup;
			children = (
				20211C7D2C01107C00623A4D /* README.md */,
				20211C192C00DFA000623A4D /* Preview Content */,
				20211C762C0107C500623A4D /* Raws */,
				20211C172C00DFA000623A4D /* Assets.xcassets */,
				20211C152C00DF9F00623A4D /* ContentView.swift */,
				20211C132C00DF9F00623A4D /* MuseApp.swift */,
				20211C372C00E02900623A4D /* MuseRelease.entitlements */,
				20211C3C2C00E47A00623A4D /* Strings */,
				20211C3D2C00E4D400623A4D /* Extensions */,
				20211C3A2C00E46D00623A4D /* Models */,
				20211C392C00E46800623A4D /* Views */,
			);
			path = Muse;
			sourceTree = "<group>";
		};
		20211C192C00DFA000623A4D /* Preview Content */ = {
			isa = PBXGroup;
			children = (
				20211C1A2C00DFA000623A4D /* Preview Assets.xcassets */,
			);
			path = "Preview Content";
			sourceTree = "<group>";
		};
		20211C242C00DFA000623A4D /* Muse Watch App */ = {
			isa = PBXGroup;
			children = (
				20211C7E2C01108D00623A4D /* README.md */,
				20211C792C010AB500623A4D /* Raws */,
				20211C382C00E03100623A4D /* Muse Watch AppRelease.entitlements */,
				20211C252C00DFA000623A4D /* MuseApp.swift */,
				20211C272C00DFA000623A4D /* ContentView.swift */,
				20211C292C00DFA100623A4D /* Assets.xcassets */,
				20211C2B2C00DFA100623A4D /* Preview Content */,
				20151EB22C0378A200EA8A25 /* AppDelegate.swift */,
			);
			path = "Muse Watch App";
			sourceTree = "<group>";
		};
		20211C2B2C00DFA100623A4D /* Preview Content */ = {
			isa = PBXGroup;
			children = (
				20211C2C2C00DFA100623A4D /* Preview Assets.xcassets */,
			);
			path = "Preview Content";
			sourceTree = "<group>";
		};
		20211C392C00E46800623A4D /* Views */ = {
			isa = PBXGroup;
			children = (
				20211C822C0111C000623A4D /* README.md */,
				20211C412C00E4F400623A4D /* Components */,
				20211C402C00E4EC00623A4D /* Representators */,
				20211C3F2C00E4E500623A4D /* Presenters */,
				20211C3E2C00E4DF00623A4D /* Dependencies */,
			);
			path = Views;
			sourceTree = "<group>";
		};
		20211C3A2C00E46D00623A4D /* Models */ = {
			isa = PBXGroup;
			children = (
				20211C6B2C00E9C400623A4D /* README.md */,
				20211C582C00E5F300623A4D /* MusicFile.swift */,
				20211C5A2C00E60200623A4D /* Music.swift */,
				20211C5C2C00E60E00623A4D /* Item.swift */,
				20211C5E2C00E62200623A4D /* Attempt.swift */,
			);
			path = Models;
			sourceTree = "<group>";
		};
		20211C3C2C00E47A00623A4D /* Strings */ = {
			isa = PBXGroup;
			children = (
				20211C812C01117900623A4D /* README.md */,
				20211C562C00E5DC00623A4D /* SectionHeader.swift */,
			);
			path = Strings;
			sourceTree = "<group>";
		};
		20211C3D2C00E4D400623A4D /* Extensions */ = {
			isa = PBXGroup;
			children = (
				20211C802C0110DA00623A4D /* README.md */,
				20211C602C00E63500623A4D /* View.swift */,
			);
			path = Extensions;
			sourceTree = "<group>";
		};
		20211C3E2C00E4DF00623A4D /* Dependencies */ = {
			isa = PBXGroup;
			children = (
				20211C6F2C00EA1200623A4D /* README.md */,
				20211C682C00E6A100623A4D /* Page.swift */,
			);
			path = Dependencies;
			sourceTree = "<group>";
		};
		20211C3F2C00E4E500623A4D /* Presenters */ = {
			isa = PBXGroup;
			children = (
				20211C702C00EA2000623A4D /* README.md */,
				20211C462C00E54A00623A4D /* MediaPlayback.swift */,
				20211C482C00E55600623A4D /* Library.swift */,
			);
			path = Presenters;
			sourceTree = "<group>";
		};
		20211C402C00E4EC00623A4D /* Representators */ = {
			isa = PBXGroup;
			children = (
				20211C712C00EA2D00623A4D /* README.md */,
				20211C442C00E52B00623A4D /* MusicPicker.swift */,
			);
			path = Representators;
			sourceTree = "<group>";
		};
		20211C412C00E4F400623A4D /* Components */ = {
			isa = PBXGroup;
			children = (
				20211C6C2C00E9DF00623A4D /* README.md */,
				20211C532C00E5B900623A4D /* Helpers */,
				20211C432C00E50500623A4D /* Logical */,
				20211C422C00E50100623A4D /* Presentable */,
			);
			path = Components;
			sourceTree = "<group>";
		};
		20211C422C00E50100623A4D /* Presentable */ = {
			isa = PBXGroup;
			children = (
				20211C6E2C00EA0000623A4D /* README.md */,
				20211C4A2C00E56B00623A4D /* MusicEntry.swift */,
				20211C4C2C00E58200623A4D /* ImportMusic.swift */,
				20211C4F2C00E59400623A4D /* ArtworkSquare.swift */,
				20211C832C01BE7A00623A4D /* AuthorizeButton.swift */,
			);
			path = Presentable;
			sourceTree = "<group>";
		};
		20211C432C00E50500623A4D /* Logical */ = {
			isa = PBXGroup;
			children = (
				20211C6D2C00E9F500623A4D /* README.md */,
				20211C512C00E5AA00623A4D /* AudioPlayer.swift */,
			);
			path = Logical;
			sourceTree = "<group>";
		};
		20211C532C00E5B900623A4D /* Helpers */ = {
			isa = PBXGroup;
			children = (
				20211C722C00EB0B00623A4D /* README.md */,
				20211C542C00E5C100623A4D /* LocalLogger.swift */,
			);
			path = Helpers;
			sourceTree = "<group>";
		};
		20211C762C0107C500623A4D /* Raws */ = {
			isa = PBXGroup;
			children = (
				20211CB02C01EBCA00623A4D /* appicon.png */,
				20211C7F2C0110A300623A4D /* README.md */,
			);
			path = Raws;
			sourceTree = "<group>";
		};
		20211C792C010AB500623A4D /* Raws */ = {
			isa = PBXGroup;
			children = (
				20211C7A2C010ACE00623A4D /* appicon.png */,
			);
			path = Raws;
			sourceTree = "<group>";
		};
		20211C862C01D38500623A4D /* Shared */ = {
			isa = PBXGroup;
			children = (
				2026D0182C03B4E700FE7CC0 /* Views */,
				2026D0142C03B41100FE7CC0 /* Helpers */,
				20211C872C01D3B400623A4D /* README.md */,
				20211CA62C01E2CF00623A4D /* GlobalFunctions */,
				20211C8D2C01DA6800623A4D /* Configs */,
				20211C892C01DA0500623A4D /* Extensions */,
				20211C882C01D7A900623A4D /* HealthKit */,
			);
			path = Shared;
			sourceTree = "<group>";
		};
		20211C882C01D7A900623A4D /* HealthKit */ = {
			isa = PBXGroup;
			children = (
				20211CA52C01DE9400623A4D /* README.md */,
				20211C8A2C01DA3000623A4D /* WorkoutManager.swift */,
			);
			path = HealthKit;
			sourceTree = "<group>";
		};
		20211C892C01DA0500623A4D /* Extensions */ = {
			isa = PBXGroup;
			children = (
				20211CA42C01DE7C00623A4D /* README.md */,
				20211C9D2C01DC0B00623A4D /* Logger.swift */,
				20211CAA2C01E34300623A4D /* Bundle.swift */,
				20211CB52C022AB700623A4D /* HKWorkoutSessionState.swift */,
				20211C9A2C01DB7900623A4D /* HKWorkout.swift */,
				20211CB82C02399C00623A4D /* exWorkoutManager.swift */,
				20211CA22C01DCC900623A4D /* WorkoutManager_iOS.swift */,
				20211CA02C01DCAB00623A4D /* WorkoutManager_watchOS.swift */,
			);
			path = Extensions;
			sourceTree = "<group>";
		};
		20211C8D2C01DA6800623A4D /* Configs */ = {
			isa = PBXGroup;
			children = (
				20211C6A2C00E9B200623A4D /* README.md */,
				20211C912C01DA8C00623A4D /* AppConfig.swift */,
				20211C8E2C01DA7300623A4D /* UIConfig.swift */,
				20211CB22C0209FB00623A4D /* AppValueProvider.swift */,
			);
			path = Configs;
			sourceTree = "<group>";
		};
		20211CA62C01E2CF00623A4D /* GlobalFunctions */ = {
			isa = PBXGroup;
			children = (
				20211CA72C01E32300623A4D /* Debug.swift */,
			);
			path = GlobalFunctions;
			sourceTree = "<group>";
		};
		2026D0142C03B41100FE7CC0 /* Helpers */ = {
			isa = PBXGroup;
			children = (
				2026D0152C03B42A00FE7CC0 /* MetricsTimelineSchedule.swift */,
			);
			path = Helpers;
			sourceTree = "<group>";
		};
		2026D0182C03B4E700FE7CC0 /* Views */ = {
			isa = PBXGroup;
			children = (
				2026D0192C03B4ED00FE7CC0 /* Presenters */,
			);
			path = Views;
			sourceTree = "<group>";
		};
		2026D0192C03B4ED00FE7CC0 /* Presenters */ = {
			isa = PBXGroup;
			children = (
				2026D01A2C03B4F700FE7CC0 /* ElapsedTimeView.swift */,
			);
			path = Presenters;
			sourceTree = "<group>";
		};
/* End PBXGroup section */

/* Begin PBXNativeTarget section */
		20211C0F2C00DF9F00623A4D /* Muse */ = {
			isa = PBXNativeTarget;
			buildConfigurationList = 20211C342C00DFA100623A4D /* Build configuration list for PBXNativeTarget "Muse" */;
			buildPhases = (
				20211C0C2C00DF9F00623A4D /* Sources */,
				20211C0D2C00DF9F00623A4D /* Frameworks */,
				20211C0E2C00DF9F00623A4D /* Resources */,
				20211C332C00DFA100623A4D /* Embed Watch Content */,
			);
			buildRules = (
			);
			dependencies = (
				20211C232C00DFA000623A4D /* PBXTargetDependency */,
			);
			name = Muse;
			productName = Muse;
			productReference = 20211C102C00DF9F00623A4D /* Muse.app */;
			productType = "com.apple.product-type.application";
		};
		20211C1F2C00DFA000623A4D /* Muse Watch App */ = {
			isa = PBXNativeTarget;
			buildConfigurationList = 20211C302C00DFA100623A4D /* Build configuration list for PBXNativeTarget "Muse Watch App" */;
			buildPhases = (
				20211C1C2C00DFA000623A4D /* Sources */,
				20211C1D2C00DFA000623A4D /* Frameworks */,
				20211C1E2C00DFA000623A4D /* Resources */,
			);
			buildRules = (
			);
			dependencies = (
			);
			name = "Muse Watch App";
			productName = "Muse Watch App";
			productReference = 20211C202C00DFA000623A4D /* Muse Watch App.app */;
			productType = "com.apple.product-type.application";
		};
/* End PBXNativeTarget section */

/* Begin PBXProject section */
		20211C082C00DF9F00623A4D /* Project object */ = {
			isa = PBXProject;
			attributes = {
				BuildIndependentTargetsInParallel = 1;
				LastSwiftUpdateCheck = 1530;
				LastUpgradeCheck = 1530;
				TargetAttributes = {
					20211C0F2C00DF9F00623A4D = {
						CreatedOnToolsVersion = 15.3;
					};
					20211C1F2C00DFA000623A4D = {
						CreatedOnToolsVersion = 15.3;
					};
				};
			};
			buildConfigurationList = 20211C0B2C00DF9F00623A4D /* Build configuration list for PBXProject "Muse" */;
			compatibilityVersion = "Xcode 14.0";
			developmentRegion = en;
			hasScannedForEncodings = 0;
			knownRegions = (
				en,
				Base,
			);
			mainGroup = 20211C072C00DF9F00623A4D;
			productRefGroup = 20211C112C00DF9F00623A4D /* Products */;
			projectDirPath = "";
			projectRoot = "";
			targets = (
				20211C0F2C00DF9F00623A4D /* Muse */,
				20211C1F2C00DFA000623A4D /* Muse Watch App */,
			);
		};
/* End PBXProject section */

/* Begin PBXResourcesBuildPhase section */
		20211C0E2C00DF9F00623A4D /* Resources */ = {
			isa = PBXResourcesBuildPhase;
			buildActionMask = 2147483647;
			files = (
				20211CB12C01EBCA00623A4D /* appicon.png in Resources */,
				20211C1B2C00DFA000623A4D /* Preview Assets.xcassets in Resources */,
				20211C182C00DFA000623A4D /* Assets.xcassets in Resources */,
				20211C752C01037500623A4D /* GoogleService-Info.plist in Resources */,
			);
			runOnlyForDeploymentPostprocessing = 0;
		};
		20211C1E2C00DFA000623A4D /* Resources */ = {
			isa = PBXResourcesBuildPhase;
			buildActionMask = 2147483647;
			files = (
				20211C2D2C00DFA100623A4D /* Preview Assets.xcassets in Resources */,
				20211C7B2C010ACE00623A4D /* appicon.png in Resources */,
				20211C2A2C00DFA100623A4D /* Assets.xcassets in Resources */,
			);
			runOnlyForDeploymentPostprocessing = 0;
		};
/* End PBXResourcesBuildPhase section */

/* Begin PBXSourcesBuildPhase section */
		20211C0C2C00DF9F00623A4D /* Sources */ = {
			isa = PBXSourcesBuildPhase;
			buildActionMask = 2147483647;
			files = (
				20211C612C00E63500623A4D /* View.swift in Sources */,
				20211CB62C022AB700623A4D /* HKWorkoutSessionState.swift in Sources */,
				20211CB92C02399C00623A4D /* exWorkoutManager.swift in Sources */,
				20211C5F2C00E62200623A4D /* Attempt.swift in Sources */,
				20211CA32C01DCC900623A4D /* WorkoutManager_iOS.swift in Sources */,
				20211C162C00DF9F00623A4D /* ContentView.swift in Sources */,
				20211C9B2C01DB7A00623A4D /* HKWorkout.swift in Sources */,
				20211C8F2C01DA7300623A4D /* UIConfig.swift in Sources */,
				20211C5B2C00E60200623A4D /* Music.swift in Sources */,
				20211C502C00E59400623A4D /* ArtworkSquare.swift in Sources */,
				20211C522C00E5AA00623A4D /* AudioPlayer.swift in Sources */,
				20211C5D2C00E60E00623A4D /* Item.swift in Sources */,
				20211C9E2C01DC0B00623A4D /* Logger.swift in Sources */,
				2026D0162C03B42A00FE7CC0 /* MetricsTimelineSchedule.swift in Sources */,
				20211C592C00E5F300623A4D /* MusicFile.swift in Sources */,
				20211C922C01DA8C00623A4D /* AppConfig.swift in Sources */,
				20211CB32C0209FB00623A4D /* AppValueProvider.swift in Sources */,
				20211C842C01BE7A00623A4D /* AuthorizeButton.swift in Sources */,
				20211C472C00E54A00623A4D /* MediaPlayback.swift in Sources */,
				20211C4D2C00E58200623A4D /* ImportMusic.swift in Sources */,
				20211C552C00E5C100623A4D /* LocalLogger.swift in Sources */,
				20211C492C00E55600623A4D /* Library.swift in Sources */,
				2026D01B2C03B4F700FE7CC0 /* ElapsedTimeView.swift in Sources */,
				20211C452C00E52B00623A4D /* MusicPicker.swift in Sources */,
				20211CAB2C01E34300623A4D /* Bundle.swift in Sources */,
				20211CA82C01E32300623A4D /* Debug.swift in Sources */,
				20211C8B2C01DA3000623A4D /* WorkoutManager.swift in Sources */,
				20211C692C00E6A100623A4D /* Page.swift in Sources */,
				20211C572C00E5DC00623A4D /* SectionHeader.swift in Sources */,
				20211C4B2C00E56B00623A4D /* MusicEntry.swift in Sources */,
				20211C142C00DF9F00623A4D /* MuseApp.swift in Sources */,
			);
			runOnlyForDeploymentPostprocessing = 0;
		};
		20211C1C2C00DFA000623A4D /* Sources */ = {
			isa = PBXSourcesBuildPhase;
			buildActionMask = 2147483647;
			files = (
				20211C9C2C01DB7A00623A4D /* HKWorkout.swift in Sources */,
				20211CBA2C02399C00623A4D /* exWorkoutManager.swift in Sources */,
				20211CB72C022AB700623A4D /* HKWorkoutSessionState.swift in Sources */,
				20211C282C00DFA000623A4D /* ContentView.swift in Sources */,
				20151EB32C0378A200EA8A25 /* AppDelegate.swift in Sources */,
				20211C932C01DA8C00623A4D /* AppConfig.swift in Sources */,
				20211CAC2C01E34300623A4D /* Bundle.swift in Sources */,
				20211C902C01DA7300623A4D /* UIConfig.swift in Sources */,
				2026D01C2C03B4F700FE7CC0 /* ElapsedTimeView.swift in Sources */,
				20211CB42C0209FB00623A4D /* AppValueProvider.swift in Sources */,
				20211CA92C01E32300623A4D /* Debug.swift in Sources */,
				20211CA12C01DCAB00623A4D /* WorkoutManager_watchOS.swift in Sources */,
				20211C9F2C01DC0B00623A4D /* Logger.swift in Sources */,
				20211C262C00DFA000623A4D /* MuseApp.swift in Sources */,
				2026D0172C03B42A00FE7CC0 /* MetricsTimelineSchedule.swift in Sources */,
				20211C8C2C01DA3000623A4D /* WorkoutManager.swift in Sources */,
			);
			runOnlyForDeploymentPostprocessing = 0;
		};
/* End PBXSourcesBuildPhase section */

/* Begin PBXTargetDependency section */
		20211C232C00DFA000623A4D /* PBXTargetDependency */ = {
			isa = PBXTargetDependency;
			target = 20211C1F2C00DFA000623A4D /* Muse Watch App */;
			targetProxy = 20211C222C00DFA000623A4D /* PBXContainerItemProxy */;
		};
/* End PBXTargetDependency section */

/* Begin XCBuildConfiguration section */
		20211C2E2C00DFA100623A4D /* Debug */ = {
			isa = XCBuildConfiguration;
			buildSettings = {
				ALWAYS_SEARCH_USER_PATHS = NO;
				ASSETCATALOG_COMPILER_GENERATE_SWIFT_ASSET_SYMBOL_EXTENSIONS = YES;
				CLANG_ANALYZER_NONNULL = YES;
				CLANG_ANALYZER_NUMBER_OBJECT_CONVERSION = YES_AGGRESSIVE;
				CLANG_CXX_LANGUAGE_STANDARD = "gnu++20";
				CLANG_ENABLE_MODULES = YES;
				CLANG_ENABLE_OBJC_ARC = YES;
				CLANG_ENABLE_OBJC_WEAK = YES;
				CLANG_WARN_BLOCK_CAPTURE_AUTORELEASING = YES;
				CLANG_WARN_BOOL_CONVERSION = YES;
				CLANG_WARN_COMMA = YES;
				CLANG_WARN_CONSTANT_CONVERSION = YES;
				CLANG_WARN_DEPRECATED_OBJC_IMPLEMENTATIONS = YES;
				CLANG_WARN_DIRECT_OBJC_ISA_USAGE = YES_ERROR;
				CLANG_WARN_DOCUMENTATION_COMMENTS = YES;
				CLANG_WARN_EMPTY_BODY = YES;
				CLANG_WARN_ENUM_CONVERSION = YES;
				CLANG_WARN_INFINITE_RECURSION = YES;
				CLANG_WARN_INT_CONVERSION = YES;
				CLANG_WARN_NON_LITERAL_NULL_CONVERSION = YES;
				CLANG_WARN_OBJC_IMPLICIT_RETAIN_SELF = YES;
				CLANG_WARN_OBJC_LITERAL_CONVERSION = YES;
				CLANG_WARN_OBJC_ROOT_CLASS = YES_ERROR;
				CLANG_WARN_QUOTED_INCLUDE_IN_FRAMEWORK_HEADER = YES;
				CLANG_WARN_RANGE_LOOP_ANALYSIS = YES;
				CLANG_WARN_STRICT_PROTOTYPES = YES;
				CLANG_WARN_SUSPICIOUS_MOVE = YES;
				CLANG_WARN_UNGUARDED_AVAILABILITY = YES_AGGRESSIVE;
				CLANG_WARN_UNREACHABLE_CODE = YES;
				CLANG_WARN__DUPLICATE_METHOD_MATCH = YES;
				COPY_PHASE_STRIP = NO;
				DEBUG_INFORMATION_FORMAT = dwarf;
				ENABLE_STRICT_OBJC_MSGSEND = YES;
				ENABLE_TESTABILITY = YES;
				ENABLE_USER_SCRIPT_SANDBOXING = YES;
				GCC_C_LANGUAGE_STANDARD = gnu17;
				GCC_DYNAMIC_NO_PIC = NO;
				GCC_NO_COMMON_BLOCKS = YES;
				GCC_OPTIMIZATION_LEVEL = 0;
				GCC_PREPROCESSOR_DEFINITIONS = (
					"DEBUG=1",
					"$(inherited)",
				);
				GCC_WARN_64_TO_32_BIT_CONVERSION = YES;
				GCC_WARN_ABOUT_RETURN_TYPE = YES_ERROR;
				GCC_WARN_UNDECLARED_SELECTOR = YES;
				GCC_WARN_UNINITIALIZED_AUTOS = YES_AGGRESSIVE;
				GCC_WARN_UNUSED_FUNCTION = YES;
				GCC_WARN_UNUSED_VARIABLE = YES;
				INFOPLIST_KEY_NSHealthShareUsageDescription = "Muse would like to access your health data";
				INFOPLIST_KEY_NSHealthUpdateUsageDescription = "Muse would like to access your health data";
				LOCALIZATION_PREFERS_STRING_CATALOGS = YES;
				MTL_ENABLE_DEBUG_INFO = INCLUDE_SOURCE;
				MTL_FAST_MATH = YES;
				ONLY_ACTIVE_ARCH = YES;
				PROVISIONING_PROFILE_SPECIFIER = "";
				SWIFT_ACTIVE_COMPILATION_CONDITIONS = "DEBUG $(inherited)";
				SWIFT_OPTIMIZATION_LEVEL = "-Onone";
			};
			name = Debug;
		};
		20211C2F2C00DFA100623A4D /* Release */ = {
			isa = XCBuildConfiguration;
			buildSettings = {
				ALWAYS_SEARCH_USER_PATHS = NO;
				ASSETCATALOG_COMPILER_GENERATE_SWIFT_ASSET_SYMBOL_EXTENSIONS = YES;
				CLANG_ANALYZER_NONNULL = YES;
				CLANG_ANALYZER_NUMBER_OBJECT_CONVERSION = YES_AGGRESSIVE;
				CLANG_CXX_LANGUAGE_STANDARD = "gnu++20";
				CLANG_ENABLE_MODULES = YES;
				CLANG_ENABLE_OBJC_ARC = YES;
				CLANG_ENABLE_OBJC_WEAK = YES;
				CLANG_WARN_BLOCK_CAPTURE_AUTORELEASING = YES;
				CLANG_WARN_BOOL_CONVERSION = YES;
				CLANG_WARN_COMMA = YES;
				CLANG_WARN_CONSTANT_CONVERSION = YES;
				CLANG_WARN_DEPRECATED_OBJC_IMPLEMENTATIONS = YES;
				CLANG_WARN_DIRECT_OBJC_ISA_USAGE = YES_ERROR;
				CLANG_WARN_DOCUMENTATION_COMMENTS = YES;
				CLANG_WARN_EMPTY_BODY = YES;
				CLANG_WARN_ENUM_CONVERSION = YES;
				CLANG_WARN_INFINITE_RECURSION = YES;
				CLANG_WARN_INT_CONVERSION = YES;
				CLANG_WARN_NON_LITERAL_NULL_CONVERSION = YES;
				CLANG_WARN_OBJC_IMPLICIT_RETAIN_SELF = YES;
				CLANG_WARN_OBJC_LITERAL_CONVERSION = YES;
				CLANG_WARN_OBJC_ROOT_CLASS = YES_ERROR;
				CLANG_WARN_QUOTED_INCLUDE_IN_FRAMEWORK_HEADER = YES;
				CLANG_WARN_RANGE_LOOP_ANALYSIS = YES;
				CLANG_WARN_STRICT_PROTOTYPES = YES;
				CLANG_WARN_SUSPICIOUS_MOVE = YES;
				CLANG_WARN_UNGUARDED_AVAILABILITY = YES_AGGRESSIVE;
				CLANG_WARN_UNREACHABLE_CODE = YES;
				CLANG_WARN__DUPLICATE_METHOD_MATCH = YES;
				COPY_PHASE_STRIP = NO;
				DEBUG_INFORMATION_FORMAT = "dwarf-with-dsym";
				ENABLE_NS_ASSERTIONS = NO;
				ENABLE_STRICT_OBJC_MSGSEND = YES;
				ENABLE_USER_SCRIPT_SANDBOXING = YES;
				GCC_C_LANGUAGE_STANDARD = gnu17;
				GCC_NO_COMMON_BLOCKS = YES;
				GCC_WARN_64_TO_32_BIT_CONVERSION = YES;
				GCC_WARN_ABOUT_RETURN_TYPE = YES_ERROR;
				GCC_WARN_UNDECLARED_SELECTOR = YES;
				GCC_WARN_UNINITIALIZED_AUTOS = YES_AGGRESSIVE;
				GCC_WARN_UNUSED_FUNCTION = YES;
				GCC_WARN_UNUSED_VARIABLE = YES;
				INFOPLIST_KEY_NSHealthShareUsageDescription = "Muse would like to access your health data";
				INFOPLIST_KEY_NSHealthUpdateUsageDescription = "Muse would like to access your health data";
				LOCALIZATION_PREFERS_STRING_CATALOGS = YES;
				MTL_ENABLE_DEBUG_INFO = NO;
				MTL_FAST_MATH = YES;
				PROVISIONING_PROFILE_SPECIFIER = "";
				SWIFT_COMPILATION_MODE = wholemodule;
			};
			name = Release;
		};
		20211C312C00DFA100623A4D /* Debug */ = {
			isa = XCBuildConfiguration;
			buildSettings = {
				ASSETCATALOG_COMPILER_APPICON_NAME = AppIcon;
				ASSETCATALOG_COMPILER_GLOBAL_ACCENT_COLOR_NAME = AccentColor;
				CODE_SIGN_ENTITLEMENTS = "Muse Watch App/Muse Watch AppRelease.entitlements";
				CODE_SIGN_STYLE = Automatic;
				CURRENT_PROJECT_VERSION = 1;
				DEVELOPMENT_ASSET_PATHS = "\"Muse Watch App/Preview Content\"";
				DEVELOPMENT_TEAM = STU45DAFT2;
				ENABLE_PREVIEWS = YES;
				GENERATE_INFOPLIST_FILE = YES;
				INFOPLIST_KEY_CFBundleDisplayName = Muse;
				INFOPLIST_KEY_UISupportedInterfaceOrientations = "UIInterfaceOrientationPortrait UIInterfaceOrientationPortraitUpsideDown";
				INFOPLIST_KEY_WKCompanionAppBundleIdentifier = com.vinapp.Muse;
				LD_RUNPATH_SEARCH_PATHS = (
					"$(inherited)",
					"@executable_path/Frameworks",
				);
				MARKETING_VERSION = 1.0;
				PRODUCT_BUNDLE_IDENTIFIER = com.vinapp.Muse.watchkitapp;
				PRODUCT_NAME = "$(TARGET_NAME)";
				PROVISIONING_PROFILE_SPECIFIER = "";
				SDKROOT = watchos;
				SKIP_INSTALL = YES;
				SWIFT_EMIT_LOC_STRINGS = YES;
				SWIFT_VERSION = 5.0;
				TARGETED_DEVICE_FAMILY = 4;
				WATCHOS_DEPLOYMENT_TARGET = 10.4;
			};
			name = Debug;
		};
		20211C322C00DFA100623A4D /* Release */ = {
			isa = XCBuildConfiguration;
			buildSettings = {
				ASSETCATALOG_COMPILER_APPICON_NAME = AppIcon;
				ASSETCATALOG_COMPILER_GLOBAL_ACCENT_COLOR_NAME = AccentColor;
				CODE_SIGN_ENTITLEMENTS = "Muse Watch App/Muse Watch AppRelease.entitlements";
				CODE_SIGN_STYLE = Automatic;
				CURRENT_PROJECT_VERSION = 1;
				DEVELOPMENT_ASSET_PATHS = "\"Muse Watch App/Preview Content\"";
				DEVELOPMENT_TEAM = STU45DAFT2;
				ENABLE_PREVIEWS = YES;
				GENERATE_INFOPLIST_FILE = YES;
				INFOPLIST_KEY_CFBundleDisplayName = Muse;
				INFOPLIST_KEY_UISupportedInterfaceOrientations = "UIInterfaceOrientationPortrait UIInterfaceOrientationPortraitUpsideDown";
				INFOPLIST_KEY_WKCompanionAppBundleIdentifier = com.vinapp.Muse;
				LD_RUNPATH_SEARCH_PATHS = (
					"$(inherited)",
					"@executable_path/Frameworks",
				);
				MARKETING_VERSION = 1.0;
				PRODUCT_BUNDLE_IDENTIFIER = com.vinapp.Muse.watchkitapp;
				PRODUCT_NAME = "$(TARGET_NAME)";
				PROVISIONING_PROFILE_SPECIFIER = "";
				SDKROOT = watchos;
				SKIP_INSTALL = YES;
				SWIFT_EMIT_LOC_STRINGS = YES;
				SWIFT_VERSION = 5.0;
				TARGETED_DEVICE_FAMILY = 4;
				VALIDATE_PRODUCT = YES;
				WATCHOS_DEPLOYMENT_TARGET = 10.4;
			};
			name = Release;
		};
		20211C352C00DFA100623A4D /* Debug */ = {
			isa = XCBuildConfiguration;
			buildSettings = {
				ALWAYS_EMBED_SWIFT_STANDARD_LIBRARIES = YES;
				ASSETCATALOG_COMPILER_APPICON_NAME = AppIcon;
				ASSETCATALOG_COMPILER_GLOBAL_ACCENT_COLOR_NAME = AccentColor;
				CODE_SIGN_ENTITLEMENTS = Muse/MuseRelease.entitlements;
				CODE_SIGN_STYLE = Automatic;
				CURRENT_PROJECT_VERSION = 1;
				DEVELOPMENT_ASSET_PATHS = "\"Muse/Preview Content\"";
				DEVELOPMENT_TEAM = STU45DAFT2;
				ENABLE_PREVIEWS = YES;
				GENERATE_INFOPLIST_FILE = YES;
				INFOPLIST_KEY_CFBundleDisplayName = Muse;
				INFOPLIST_KEY_NSHealthClinicalHealthRecordsShareUsageDescription = "Muse needs access to Health";
				INFOPLIST_KEY_NSHealthShareUsageDescription = "Muse needs access to Health";
				INFOPLIST_KEY_NSHealthUpdateUsageDescription = "Muse needs access to Health";
				INFOPLIST_KEY_UIApplicationSceneManifest_Generation = YES;
				INFOPLIST_KEY_UIApplicationSupportsIndirectInputEvents = YES;
				INFOPLIST_KEY_UILaunchScreen_Generation = YES;
				INFOPLIST_KEY_UISupportedInterfaceOrientations_iPad = "UIInterfaceOrientationPortrait UIInterfaceOrientationPortraitUpsideDown UIInterfaceOrientationLandscapeLeft UIInterfaceOrientationLandscapeRight";
				INFOPLIST_KEY_UISupportedInterfaceOrientations_iPhone = "UIInterfaceOrientationPortrait UIInterfaceOrientationLandscapeLeft UIInterfaceOrientationLandscapeRight";
				IPHONEOS_DEPLOYMENT_TARGET = 17.4;
				LD_RUNPATH_SEARCH_PATHS = (
					"$(inherited)",
					"@executable_path/Frameworks",
				);
				MARKETING_VERSION = 1.0;
				PRODUCT_BUNDLE_IDENTIFIER = com.vinapp.Muse;
				PRODUCT_NAME = "$(TARGET_NAME)";
				PROVISIONING_PROFILE_SPECIFIER = "";
				SDKROOT = iphoneos;
				SWIFT_EMIT_LOC_STRINGS = YES;
				SWIFT_VERSION = 5.0;
				TARGETED_DEVICE_FAMILY = "1,2";
			};
			name = Debug;
		};
		20211C362C00DFA100623A4D /* Release */ = {
			isa = XCBuildConfiguration;
			buildSettings = {
				ALWAYS_EMBED_SWIFT_STANDARD_LIBRARIES = YES;
				ASSETCATALOG_COMPILER_APPICON_NAME = AppIcon;
				ASSETCATALOG_COMPILER_GLOBAL_ACCENT_COLOR_NAME = AccentColor;
				CODE_SIGN_ENTITLEMENTS = Muse/MuseRelease.entitlements;
				CODE_SIGN_STYLE = Automatic;
				CURRENT_PROJECT_VERSION = 1;
				DEVELOPMENT_ASSET_PATHS = "\"Muse/Preview Content\"";
				DEVELOPMENT_TEAM = STU45DAFT2;
				ENABLE_PREVIEWS = YES;
				GENERATE_INFOPLIST_FILE = YES;
				INFOPLIST_KEY_CFBundleDisplayName = Muse;
				INFOPLIST_KEY_NSHealthClinicalHealthRecordsShareUsageDescription = "Muse needs access to Health";
				INFOPLIST_KEY_NSHealthShareUsageDescription = "Muse needs access to Health";
				INFOPLIST_KEY_NSHealthUpdateUsageDescription = "Muse needs access to Health";
				INFOPLIST_KEY_UIApplicationSceneManifest_Generation = YES;
				INFOPLIST_KEY_UIApplicationSupportsIndirectInputEvents = YES;
				INFOPLIST_KEY_UILaunchScreen_Generation = YES;
				INFOPLIST_KEY_UISupportedInterfaceOrientations_iPad = "UIInterfaceOrientationPortrait UIInterfaceOrientationPortraitUpsideDown UIInterfaceOrientationLandscapeLeft UIInterfaceOrientationLandscapeRight";
				INFOPLIST_KEY_UISupportedInterfaceOrientations_iPhone = "UIInterfaceOrientationPortrait UIInterfaceOrientationLandscapeLeft UIInterfaceOrientationLandscapeRight";
				IPHONEOS_DEPLOYMENT_TARGET = 17.4;
				LD_RUNPATH_SEARCH_PATHS = (
					"$(inherited)",
					"@executable_path/Frameworks",
				);
				MARKETING_VERSION = 1.0;
				PRODUCT_BUNDLE_IDENTIFIER = com.vinapp.Muse;
				PRODUCT_NAME = "$(TARGET_NAME)";
				PROVISIONING_PROFILE_SPECIFIER = "";
				SDKROOT = iphoneos;
				SWIFT_EMIT_LOC_STRINGS = YES;
				SWIFT_VERSION = 5.0;
				TARGETED_DEVICE_FAMILY = "1,2";
				VALIDATE_PRODUCT = YES;
			};
			name = Release;
		};
/* End XCBuildConfiguration section */

/* Begin XCConfigurationList section */
		20211C0B2C00DF9F00623A4D /* Build configuration list for PBXProject "Muse" */ = {
			isa = XCConfigurationList;
			buildConfigurations = (
				20211C2E2C00DFA100623A4D /* Debug */,
				20211C2F2C00DFA100623A4D /* Release */,
			);
			defaultConfigurationIsVisible = 0;
			defaultConfigurationName = Release;
		};
		20211C302C00DFA100623A4D /* Build configuration list for PBXNativeTarget "Muse Watch App" */ = {
			isa = XCConfigurationList;
			buildConfigurations = (
				20211C312C00DFA100623A4D /* Debug */,
				20211C322C00DFA100623A4D /* Release */,
			);
			defaultConfigurationIsVisible = 0;
			defaultConfigurationName = Release;
		};
		20211C342C00DFA100623A4D /* Build configuration list for PBXNativeTarget "Muse" */ = {
			isa = XCConfigurationList;
			buildConfigurations = (
				20211C352C00DFA100623A4D /* Debug */,
				20211C362C00DFA100623A4D /* Release */,
			);
			defaultConfigurationIsVisible = 0;
			defaultConfigurationName = Release;
		};
/* End XCConfigurationList section */
	};
	rootObject = 20211C082C00DF9F00623A4D /* Project object */;
}
